github.com/Microsoft/go-winio v0.4.2 h1:ZJbCAgklAxf91aYmsiUHS7dIGCqw+EjpOg/oq/Groaw=
github.com/Microsoft/go-winio v0.4.2/go.mod h1:VhR8bwka0BXejwEJY73c50VrPtXAaKcyvVC4A4RozmA=
github.com/Sirupsen/logrus v0.0.0-20170515105910-5e5dc898656f h1:l5KPkrd6ZQ4mZnlWo4Eoll9mYPR98HXL6KcdShW4uTk=
github.com/Sirupsen/logrus v0.0.0-20170515105910-5e5dc898656f/go.mod h1:rmk17hk6i8ZSAJkSDa7nOxamrG+SP4P0mm+DAvExv4U=
github.com/Songmu/prompter v0.0.0-20150725163906-b5721e8d5566 h1:1liEfYDXrRp0vmZMEGRuGAvYBlKpT9saaCd7g63XUBw=
github.com/Songmu/prompter v0.0.0-20150725163906-b5721e8d5566/go.mod h1:fNhSFBGC+sg+dZ7AqDHgq+xYiom23TeTESzUbO7PIrE=
github.com/alecthomas/template v0.0.0-20160405071501-a0175ee3bccc h1:cAKDfWh5VpdgMhJosfJnn5/FoN2SRZ4p7fJNX58YPaU=
github.com/alecthomas/template v0.0.0-20160405071501-a0175ee3bccc/go.mod h1:LOuyumcjzFXgccqObfd/Ljyb9UuFJ6TxHnclSeseNhc=
github.com/alecthomas/units v0.0.0-20151022065526-2efee857e7cf h1:qet1QNfXsQxTZqLG4oE62mJzwPIB8+Tee4RNCL9ulrY=
github.com/alecthomas/units v0.0.0-20151022065526-2efee857e7cf/go.mod h1:ybxpYRFXyAe+OPACYpWeL0wqObRcbAqCMya13uyzqw0=
github.com/aws/aws-lambda-go v1.10.0 h1:uafgdfYGQD0UeT7d2uKdyWW8j/ZYRifRPIdmeqLzLCk=
github.com/aws/aws-lambda-go v1.10.0/go.mod h1:zUsUQhAUjYzR8AuduJPCfhBuKWUaDbQiPOG+ouzmE1A=
github.com/aws/aws-sdk-go v1.10.25 h1:5xHD1xWvF/+MRou7w1FlhVeG9iFvceF5RIumiXOhCdg=
github.com/aws/aws-sdk-go v1.10.25/go.mod h1:ZRmQr0FajVIyZ4ZzBYKG5P3ZqPz9IHG41ZoMu1ADI3k=
github.com/davecgh/go-spew v0.0.0-20151105211317-5215b55f46b2/go.mod h1:J7Y8YcW2NihsgmVo/mv3lAwl/skON4iLHjSsI+c5H38=
github.com/docker/distribution v0.0.0-20170524205824-1e2f10eb6574 h1:dnBhg1AHDIQO3USHAqjLcrlxH1IRiurfuwVPlS1TgxA=
github.com/docker/distribution v0.0.0-20170524205824-1e2f10eb6574/go.mod h1:J2gT2udsDAN96Uj4KfcMRqY0/ypR+oyYUYmja8H+y+w=
github.com/docker/docker v0.0.0-20170512132317-c307f4521edc h1:viWgc8FO0nCd0+udrybu8OT4EI9PtlO6gCdja489dFc=
github.com/docker/docker v0.0.0-20170512132317-c307f4521edc/go.mod h1:eEKB0N0r5NX/I1kEveEz05bcu8tLC/8azJZsviup8Sk=
github.com/docker/go-connections v0.0.0-20170331145122-e15c02316c12 h1:NT49ENDAmX5eT8k6O8EsQT+wM5/KtbCbTIVBeu7LZXE=
github.com/docker/go-connections v0.0.0-20170331145122-e15c02316c12/go.mod h1:Gbd7IOopHjR8Iph03tsViu4nIes5XhDvyHbTtUxmeec=
github.com/docker/go-units v0.3.2 h1:Kjm80apys7gTtfVmCvVY8gwu10uofaFSrmAKOVrtueE=
github.com/docker/go-units v0.3.2/go.mod h1:fgPhTUdO+D/Jk86RDLlptpiXQzgHJF7gydDDbaIK4Dk=
github.com/docker/libtrust v0.0.0-20160708172513-aabc10ec26b7 h1:UhxFibDNY/bfvqU5CAUmr9zpesgbU6SWc8/B4mflAE4=
github.com/docker/libtrust v0.0.0-20160708172513-aabc10ec26b7/go.mod h1:cyGadeNEkKy96OOhEzfZl+yxihPEzKnqJwvfuSUqbZE=
github.com/dustin/go-humanize v0.0.0-20151125214831-8929fe90cee4 h1:WX/DKY159S5AHCpmUWGsVKoCXqLSpKd0R1150CWscw8=
github.com/dustin/go-humanize v0.0.0-20151125214831-8929fe90cee4/go.mod h1:HtrtbFcZ19U5GC7JDqmcUSB87Iq5E25KnS6fMYU6eOk=
github.com/go-ini/ini v1.8.6 h1:ldKn1aziLHom2ID4o/1nZ2enHyrkJgBGKBnYmXSbufQ=
github.com/go-ini/ini v1.8.6/go.mod h1:ByCAeIL28uOIIG0E3PJtZPDL8WnHpFKFOtgjp+3Ies8=
github.com/gorilla/context v1.1.1/go.mod h1:kBGZzfjB9CEq2AlWe17Uuf7NDRt0dE0s8S51q0aT7Yg=
github.com/gorilla/mux v0.0.0-20170524010104-043ee6597c29 h1:osUUmT1uCRwsVxtrt3LU2uNE/Ns4g35s5n8iPQ/VDt4=
github.com/gorilla/mux v0.0.0-20170524010104-043ee6597c29/go.mod h1:1lud6UwP+6orDFRuTfBEV8e9/aOM/c4fVVCaMa2zaAs=
github.com/gorilla/websocket v0.0.0-20160313191446-e2e3d8414d0f/go.mod h1:E7qHFY5m1UJ88s3WnNqhKjPHQ0heANvMoAMk2YaljkQ=
github.com/jmespath/go-jmespath v0.0.0-20151208071831-c01cf91b0118 h1:yv8FNR6dQwho7+SiUJOV13jo67/WbB9SSqBhqyuB6Qk=
github.com/jmespath/go-jmespath v0.0.0-20151208071831-c01cf91b0118/go.mod h1:Nht3zPeWKUH0NzdCt2Blrr5ys8VGpn0CEB0cQHVjt7k=
github.com/jteeuwen/go-bindata v3.0.7+incompatible h1:91Uy4d9SYVr1kyTJ15wJsog+esAZZl7JmEfTkwmhJts=
github.com/jteeuwen/go-bindata v3.0.7+incompatible/go.mod h1:JVvhzYOiGBnFSYRyV00iY8q7/0PThjIYav1p9h5dmKs=
github.com/mattn/go-isatty v0.0.2 h1:F+DnWktyadxnOrohKLNUC9/GjFii5RJgY4GFG6ilggw=
github.com/mattn/go-isatty v0.0.2/go.mod h1:M+lRXTBqGeGNdLjl/ufCoiOlB5xdOkqRJdNxMWT7Zi4=
github.com/mattn/go-runewidth v0.0.0-20160109114248-e882a96ec18d h1:qKIUd0/JmjcwGSwAJhN0aecSnj8OiL7CmY6EKJm3spw=
github.com/mattn/go-runewidth v0.0.0-20160109114248-e882a96ec18d/go.mod h1:LwmH8dsx7+W8Uxz3IHJYH5QSwggIsqBzpuz5H//U1FU=
github.com/nsf/termbox-go v0.0.0-20160122232915-362329b0aa64 h1:1VGj+mx5/3DRbmK7E8orVY7RbY4jYPRuwMgKUBfqOag=
github.com/nsf/termbox-go v0.0.0-20160122232915-362329b0aa64/go.mod h1:IuKpRQcYE1Tfu+oAQqaLisqDeXgjyyltCfsaoYN18NQ=
github.com/opencontainers/go-digest v0.0.0-20170510163354-eaa60544f31c h1:cPwTF0SWVbKA3tgVfE9CnRF1Y+ZAi3FoNy3uLrIjNB8=
github.com/opencontainers/go-digest v0.0.0-20170510163354-eaa60544f31c/go.mod h1:cMLVZDEM3+U2I4VmLI6N8jQYUd2OVphdqWwCJHrFt2s=
github.com/pkg/errors v0.0.0-20170505043639-c605e284fe17 h1:chPfVn+gpAM5CTpTyVU9j8J+xgRGwmoDlNDLjKnJiYo=
github.com/pkg/errors v0.0.0-20170505043639-c605e284fe17/go.mod h1:bwawxfHBFNV+L2hUp1rHADufV3IMtnDRdf1r5NINEl0=
github.com/pmezard/go-difflib v1.0.0/go.mod h1:iKH77koFhYxTK1pcRnkKkqfTogsbg7gZNVY4sRDYZ/4=
github.com/satori/go.uuid v0.0.0-20151028231719-d41af8bb6a77 h1:X4eLA68fCmv+kFpUBFXIhv5wD5IFVB+oWUxjmpyl02c=
github.com/satori/go.uuid v0.0.0-20151028231719-d41af8bb6a77/go.mod h1:dA0hQrYB0VpLJoorglMZABFdXlWrHn1NEOzdhQKdks0=
github.com/spf13/afero v0.0.0-20170217164146-9be650865eab h1:IVAbBHQR8rXL2Fc8Zba/lMF7KOnTi70lqdx91UTuAwQ=
github.com/spf13/afero v0.0.0-20170217164146-9be650865eab/go.mod h1:j4pytiNVoe2o6bmDsKpLACNPDBIoEAkihy7loJ1B0CQ=
github.com/streadway/amqp v0.0.0-20170521212453-dfe15e360485 h1:oqYHzzT0P4dUhdRP667FMGSLBkdAGn7nUc4XYE3pBe8=
github.com/streadway/amqp v0.0.0-20170521212453-dfe15e360485/go.mod h1:1WNBiOZtZQLpVAyu0iTduoJL9hEsMloAK5XWrtW0xdY=
github.com/stretchr/testify v1.1.3/go.mod h1:a8OnRcib4nhh0OaRAV+Yts87kKdq0PP7pXfy6kDkUVs=
golang.org/x/crypto v0.0.0-20170719141201-4d70248d17d1 h1:Fsyuqywx8eVw3pTyUOkKBY1BA/XDC9R0JwoXIUAQCog=
golang.org/x/crypto v0.0.0-20170719141201-4d70248d17d1/go.mod h1:6SG95UA2DQfeDnfUPMdvaQW0Q7yPrPDi9nlGo2tz2b4=
golang.org/x/net v0.0.0-20170424220842-da118f7b8e59 h1:dWv6pBFAtJELEJAhUpNqPydBXP311/HBZOeEve9NlpA=
golang.org/x/net v0.0.0-20170424220842-da118f7b8e59/go.mod h1:mL1N/T3taQHkDXs73rZJwtUhF3w3ftmwwsq0BUmARs4=
golang.org/x/sys v0.0.0-20170529185110-b90f89a1e7a9 h1:wFe/9vW2TmDagagfMeC56pEcmhyMWEqvuwE9CDAePNo=
golang.org/x/sys v0.0.0-20170529185110-b90f89a1e7a9/go.mod h1:STP8DvDyc/dI5b8T5hshtkjS+E42TnysNCUPdjciGhY=
golang.org/x/text v0.0.0-20170706130353-cfdf022e86b4 h1:LBbuS6bbgvFy6TenhpOngey6iYIaIYKM4Ue+FTSBgwo=
golang.org/x/text v0.0.0-20170706130353-cfdf022e86b4/go.mod h1:NqM8EUOU14njkJ3fqMW+pc6Ldnwhi/IjpwHt7yyuwOQ=
gopkg.in/alecthomas/kingpin.v2 v2.2.3 h1:/L3oK40poPRwke0Ipa6qqf8n+awu60Vl3DMe+3jLDt4=
gopkg.in/alecthomas/kingpin.v2 v2.2.3/go.mod h1:FMv+mEhP44yOT+4EoQTLFTRgOQ1FBLkstjWtayDeSgw=
gopkg.in/ini.v1 v1.27.0 h1:E8RxAiE5xPTkqtuxj6LoAgRrBzWtU7TTbWojGxuv1Y4=
gopkg.in/ini.v1 v1.27.0/go.mod h1:pNLf8WUiyNEtQjuu5G5vTm06TEv9tsIgeAvK8hOrP4k=
gopkg.in/matryer/try.v1 v1.0.0-20150601225556-312d2599e12e h1:bJHzu9Qwc9wQRWJ/WVkJGAfs+riucl/tKAFNxf9pzqk=
gopkg.in/matryer/try.v1 v1.0.0-20150601225556-312d2599e12e/go.mod h1:tve0rTLdGlwnXF7iBO9rbAEyeXvuuPx0n4DvXS/Nw7o=
